// !$*UTF8*$!
{
	archiveVersion = 1;
	classes = {
	};
	objectVersion = 70;
	objects = {

/* Begin PBXBuildFile section */
		111D0E4F2E543C2000017034 /* NetworkManager.swift in Sources */ = {isa = PBXBuildFile; fileRef = 111D0E4E2E543C1700017034 /* NetworkManager.swift */; };
		111D0E512E57169D00017034 /* ToDoList.swift in Sources */ = {isa = PBXBuildFile; fileRef = 111D0E502E57165100017034 /* ToDoList.swift */; };
		111D0E5A2E572E1C00017034 /* Planets.swift in Sources */ = {isa = PBXBuildFile; fileRef = 111D0E592E572E1C00017034 /* Planets.swift */; };
		111D0E5C2E5EC92400017034 /* StoreManager.swift in Sources */ = {isa = PBXBuildFile; fileRef = 111D0E5B2E5EC91D00017034 /* StoreManager.swift */; };
		111D0E602E5EDAEB00017034 /* FirebaseAI in Frameworks */ = {isa = PBXBuildFile; productRef = 111D0E5F2E5EDAEB00017034 /* FirebaseAI */; };
		111D0E622E5EDAEB00017034 /* FirebaseAnalytics in Frameworks */ = {isa = PBXBuildFile; productRef = 111D0E612E5EDAEB00017034 /* FirebaseAnalytics */; };
		111D0E642E5EDAEB00017034 /* FirebaseAnalyticsCore in Frameworks */ = {isa = PBXBuildFile; productRef = 111D0E632E5EDAEB00017034 /* FirebaseAnalyticsCore */; };
		111D0E662E5EDAEB00017034 /* FirebaseAnalyticsIdentitySupport in Frameworks */ = {isa = PBXBuildFile; productRef = 111D0E652E5EDAEB00017034 /* FirebaseAnalyticsIdentitySupport */; };
		111D0E682E5EDAEB00017034 /* FirebaseAppCheck in Frameworks */ = {isa = PBXBuildFile; productRef = 111D0E672E5EDAEB00017034 /* FirebaseAppCheck */; };
		111D0E6A2E5EDAEB00017034 /* FirebaseAppDistribution-Beta in Frameworks */ = {isa = PBXBuildFile; productRef = 111D0E692E5EDAEB00017034 /* FirebaseAppDistribution-Beta */; };
		111D0E6C2E5EDAEB00017034 /* FirebaseAuth in Frameworks */ = {isa = PBXBuildFile; productRef = 111D0E6B2E5EDAEB00017034 /* FirebaseAuth */; };
		111D0E6E2E5EDAEB00017034 /* FirebaseAuthCombine-Community in Frameworks */ = {isa = PBXBuildFile; productRef = 111D0E6D2E5EDAEB00017034 /* FirebaseAuthCombine-Community */; };
		111D0E702E5EDAEB00017034 /* FirebaseCore in Frameworks */ = {isa = PBXBuildFile; productRef = 111D0E6F2E5EDAEB00017034 /* FirebaseCore */; };
		111D0E722E5EDAEB00017034 /* FirebaseCrashlytics in Frameworks */ = {isa = PBXBuildFile; productRef = 111D0E712E5EDAEB00017034 /* FirebaseCrashlytics */; };
		111D0E742E5EDAEB00017034 /* FirebaseDatabase in Frameworks */ = {isa = PBXBuildFile; productRef = 111D0E732E5EDAEB00017034 /* FirebaseDatabase */; };
		111D0E762E5EDAEB00017034 /* FirebaseFirestore in Frameworks */ = {isa = PBXBuildFile; productRef = 111D0E752E5EDAEB00017034 /* FirebaseFirestore */; };
		111D0E782E5EDAEB00017034 /* FirebaseFirestoreCombine-Community in Frameworks */ = {isa = PBXBuildFile; productRef = 111D0E772E5EDAEB00017034 /* FirebaseFirestoreCombine-Community */; };
		111D0E7A2E5EDAEB00017034 /* FirebaseFunctions in Frameworks */ = {isa = PBXBuildFile; productRef = 111D0E792E5EDAEB00017034 /* FirebaseFunctions */; };
		111D0E7C2E5EDAEB00017034 /* FirebaseFunctionsCombine-Community in Frameworks */ = {isa = PBXBuildFile; productRef = 111D0E7B2E5EDAEB00017034 /* FirebaseFunctionsCombine-Community */; };
		111D0E7E2E5EDAEB00017034 /* FirebaseInAppMessaging-Beta in Frameworks */ = {isa = PBXBuildFile; productRef = 111D0E7D2E5EDAEB00017034 /* FirebaseInAppMessaging-Beta */; };
		111D0E802E5EDAEB00017034 /* FirebaseInstallations in Frameworks */ = {isa = PBXBuildFile; productRef = 111D0E7F2E5EDAEB00017034 /* FirebaseInstallations */; };
		111D0E822E5EDAEB00017034 /* FirebaseMLModelDownloader in Frameworks */ = {isa = PBXBuildFile; productRef = 111D0E812E5EDAEB00017034 /* FirebaseMLModelDownloader */; };
		111D0E842E5EDAEB00017034 /* FirebaseMessaging in Frameworks */ = {isa = PBXBuildFile; productRef = 111D0E832E5EDAEB00017034 /* FirebaseMessaging */; };
		111D0E862E5EDAEB00017034 /* FirebasePerformance in Frameworks */ = {isa = PBXBuildFile; productRef = 111D0E852E5EDAEB00017034 /* FirebasePerformance */; };
		111D0E882E5EDAEB00017034 /* FirebaseRemoteConfig in Frameworks */ = {isa = PBXBuildFile; productRef = 111D0E872E5EDAEB00017034 /* FirebaseRemoteConfig */; };
		111D0E8A2E5EDAEB00017034 /* FirebaseStorage in Frameworks */ = {isa = PBXBuildFile; productRef = 111D0E892E5EDAEB00017034 /* FirebaseStorage */; };
		111D0E8C2E5EDAEB00017034 /* FirebaseStorageCombine-Community in Frameworks */ = {isa = PBXBuildFile; productRef = 111D0E8B2E5EDAEB00017034 /* FirebaseStorageCombine-Community */; };
		111D0E8E2E5EFB4E00017034 /* ExamplesCoordinator.swift in Sources */ = {isa = PBXBuildFile; fileRef = 111D0E8D2E5EFB3D00017034 /* ExamplesCoordinator.swift */; };
		11337A962E41E71E001A145C /* PasswordBruteForce.swift in Sources */ = {isa = PBXBuildFile; fileRef = 11337A952E41E713001A145C /* PasswordBruteForce.swift */; };
		115414002C9291FE0051640B /* AppDelegate.swift in Sources */ = {isa = PBXBuildFile; fileRef = 115413FF2C9291FE0051640B /* AppDelegate.swift */; };
		115414022C9291FE0051640B /* SceneDelegate.swift in Sources */ = {isa = PBXBuildFile; fileRef = 115414012C9291FE0051640B /* SceneDelegate.swift */; };
		115414092C9292000051640B /* Assets.xcassets in Resources */ = {isa = PBXBuildFile; fileRef = 115414082C9292000051640B /* Assets.xcassets */; };
		1154140C2C9292000051640B /* Base in Resources */ = {isa = PBXBuildFile; fileRef = 1154140B2C9292000051640B /* Base */; };
		115414142C92941F0051640B /* FeedViewController.swift in Sources */ = {isa = PBXBuildFile; fileRef = 115414132C92941F0051640B /* FeedViewController.swift */; };
		115414162C9294290051640B /* ProfileViewController.swift in Sources */ = {isa = PBXBuildFile; fileRef = 115414152C9294290051640B /* ProfileViewController.swift */; };
		115414182C9295440051640B /* PostViewController.swift in Sources */ = {isa = PBXBuildFile; fileRef = 115414172C9295440051640B /* PostViewController.swift */; };
		1154141A2C92A12F0051640B /* InfoViewController.swift in Sources */ = {isa = PBXBuildFile; fileRef = 115414192C92A12F0051640B /* InfoViewController.swift */; };
		115C0FDC2DDC792200C3EF99 /* ProfileHeaderView.swift in Sources */ = {isa = PBXBuildFile; fileRef = 115C0FDB2DDC792200C3EF99 /* ProfileHeaderView.swift */; };
		115C0FDF2DDF3EE500C3EF99 /* LogInViewController.swift in Sources */ = {isa = PBXBuildFile; fileRef = 115C0FDE2DDF3EE500C3EF99 /* LogInViewController.swift */; };
		115C0FE52DE18A2500C3EF99 /* UITableViewExtensions.swift in Sources */ = {isa = PBXBuildFile; fileRef = 115C0FE42DE18A2500C3EF99 /* UITableViewExtensions.swift */; };
		115C0FE72DE1905600C3EF99 /* PostTableViewCell.swift in Sources */ = {isa = PBXBuildFile; fileRef = 115C0FE62DE1905600C3EF99 /* PostTableViewCell.swift */; };
		115C0FED2DE4283E00C3EF99 /* TableSectionFooterHeaderView.swift in Sources */ = {isa = PBXBuildFile; fileRef = 115C0FEC2DE4283E00C3EF99 /* TableSectionFooterHeaderView.swift */; };
		115C0FEF2DE6F6FA00C3EF99 /* PhotosTableViewCell.swift in Sources */ = {isa = PBXBuildFile; fileRef = 115C0FEE2DE6F6FA00C3EF99 /* PhotosTableViewCell.swift */; };
		115C0FF12DE815F300C3EF99 /* PhotosViewController.swift in Sources */ = {isa = PBXBuildFile; fileRef = 115C0FF02DE815F300C3EF99 /* PhotosViewController.swift */; };
		115C0FF32DE81E4B00C3EF99 /* PhotosCollectionViewCell.swift in Sources */ = {isa = PBXBuildFile; fileRef = 115C0FF22DE81E4B00C3EF99 /* PhotosCollectionViewCell.swift */; };
		115C0FF62DE820D500C3EF99 /* Photo.swift in Sources */ = {isa = PBXBuildFile; fileRef = 115C0FF52DE820D500C3EF99 /* Photo.swift */; };
		115C0FF82DE8332700C3EF99 /* Reusable.swift in Sources */ = {isa = PBXBuildFile; fileRef = 115C0FF72DE8332700C3EF99 /* Reusable.swift */; };
		11B662F92E1B88A90032A5B1 /* User.swift in Sources */ = {isa = PBXBuildFile; fileRef = 11B662F82E1B88A90032A5B1 /* User.swift */; };
		11B662FB2E1B89300032A5B1 /* UserService.swift in Sources */ = {isa = PBXBuildFile; fileRef = 11B662FA2E1B89300032A5B1 /* UserService.swift */; };
		11B662FD2E1B8A4A0032A5B1 /* CurrentUserService.swift in Sources */ = {isa = PBXBuildFile; fileRef = 11B662FC2E1B8A4A0032A5B1 /* CurrentUserService.swift */; };
		11B662FF2E1F49080032A5B1 /* TestUserService.swift in Sources */ = {isa = PBXBuildFile; fileRef = 11B662FE2E1F49080032A5B1 /* TestUserService.swift */; };
		11B663012E24ECDD0032A5B1 /* Checker.swift in Sources */ = {isa = PBXBuildFile; fileRef = 11B663002E24ECDD0032A5B1 /* Checker.swift */; };
		11B663032E24EEED0032A5B1 /* LoginViewControllerDelegate.swift in Sources */ = {isa = PBXBuildFile; fileRef = 11B663022E24EEED0032A5B1 /* LoginViewControllerDelegate.swift */; };
		11B663052E24FA820032A5B1 /* LoginInspector.swift in Sources */ = {isa = PBXBuildFile; fileRef = 11B663042E24FA820032A5B1 /* LoginInspector.swift */; };
		11B663072E2516310032A5B1 /* LoginFactory.swift in Sources */ = {isa = PBXBuildFile; fileRef = 11B663062E2516310032A5B1 /* LoginFactory.swift */; };
		11B6630E2E2678180032A5B1 /* iOSIntPackage in Frameworks */ = {isa = PBXBuildFile; productRef = 11B6630D2E2678180032A5B1 /* iOSIntPackage */; };
		11B663112E2E32C70032A5B1 /* CustomButton.swift in Sources */ = {isa = PBXBuildFile; fileRef = 11B663102E2E32C70032A5B1 /* CustomButton.swift */; };
		11B663192E2E45F10032A5B1 /* FeedModel.swift in Sources */ = {isa = PBXBuildFile; fileRef = 11B663182E2E45F10032A5B1 /* FeedModel.swift */; };
		11B6631C2E30C5EE0032A5B1 /* MainCoordinator.swift in Sources */ = {isa = PBXBuildFile; fileRef = 11B6631B2E30C5EE0032A5B1 /* MainCoordinator.swift */; };
		11B6631E2E30C6CA0032A5B1 /* NavigationCoordinator.swift in Sources */ = {isa = PBXBuildFile; fileRef = 11B6631D2E30C6CA0032A5B1 /* NavigationCoordinator.swift */; };
		11B663202E30C7300032A5B1 /* FeedCoordinator.swift in Sources */ = {isa = PBXBuildFile; fileRef = 11B6631F2E30C7300032A5B1 /* FeedCoordinator.swift */; };
		11B663222E30C74B0032A5B1 /* ProfileCoordinator.swift in Sources */ = {isa = PBXBuildFile; fileRef = 11B663212E30C74B0032A5B1 /* ProfileCoordinator.swift */; };
		11B663262E30D2550032A5B1 /* LoginCoordinator.swift in Sources */ = {isa = PBXBuildFile; fileRef = 11B663252E30D2550032A5B1 /* LoginCoordinator.swift */; };
		11B663282E30D5020032A5B1 /* TabBarCoordinator.swift in Sources */ = {isa = PBXBuildFile; fileRef = 11B663272E30D5020032A5B1 /* TabBarCoordinator.swift */; };
		11B6632A2E30E1570032A5B1 /* FeedViewModel.swift in Sources */ = {isa = PBXBuildFile; fileRef = 11B663292E30E1570032A5B1 /* FeedViewModel.swift */; };
		11F42E732E15336E002733B3 /* StorageService.framework in Frameworks */ = {isa = PBXBuildFile; fileRef = 11F42E6B2E15336D002733B3 /* StorageService.framework */; };
		11F42E742E15336E002733B3 /* StorageService.framework in Embed Frameworks */ = {isa = PBXBuildFile; fileRef = 11F42E6B2E15336D002733B3 /* StorageService.framework */; settings = {ATTRIBUTES = (CodeSignOnCopy, RemoveHeadersOnCopy, ); }; };
/* End PBXBuildFile section */

/* Begin PBXContainerItemProxy section */
		11F42E712E15336E002733B3 /* PBXContainerItemProxy */ = {
			isa = PBXContainerItemProxy;
			containerPortal = 115413F42C9291FE0051640B /* Project object */;
			proxyType = 1;
			remoteGlobalIDString = 11F42E6A2E15336D002733B3;
			remoteInfo = StorageService;
		};
/* End PBXContainerItemProxy section */

/* Begin PBXCopyFilesBuildPhase section */
		11F42E752E15336E002733B3 /* Embed Frameworks */ = {
			isa = PBXCopyFilesBuildPhase;
			buildActionMask = 2147483647;
			dstPath = "";
			dstSubfolderSpec = 10;
			files = (
				11F42E742E15336E002733B3 /* StorageService.framework in Embed Frameworks */,
			);
			name = "Embed Frameworks";
			runOnlyForDeploymentPostprocessing = 0;
		};
/* End PBXCopyFilesBuildPhase section */

/* Begin PBXFileReference section */
		111D0E4E2E543C1700017034 /* NetworkManager.swift */ = {isa = PBXFileReference; lastKnownFileType = sourcecode.swift; path = NetworkManager.swift; sourceTree = "<group>"; };
		111D0E502E57165100017034 /* ToDoList.swift */ = {isa = PBXFileReference; lastKnownFileType = sourcecode.swift; path = ToDoList.swift; sourceTree = "<group>"; };
		111D0E592E572E1C00017034 /* Planets.swift */ = {isa = PBXFileReference; lastKnownFileType = sourcecode.swift; path = Planets.swift; sourceTree = "<group>"; };
		111D0E5B2E5EC91D00017034 /* StoreManager.swift */ = {isa = PBXFileReference; lastKnownFileType = sourcecode.swift; path = StoreManager.swift; sourceTree = "<group>"; };
		111D0E8D2E5EFB3D00017034 /* ExamplesCoordinator.swift */ = {isa = PBXFileReference; lastKnownFileType = sourcecode.swift; path = ExamplesCoordinator.swift; sourceTree = "<group>"; };
		11337A952E41E713001A145C /* PasswordBruteForce.swift */ = {isa = PBXFileReference; lastKnownFileType = sourcecode.swift; path = PasswordBruteForce.swift; sourceTree = "<group>"; };
		115413FC2C9291FE0051640B /* Navigation.app */ = {isa = PBXFileReference; explicitFileType = wrapper.application; includeInIndex = 0; path = Navigation.app; sourceTree = BUILT_PRODUCTS_DIR; };
		115413FF2C9291FE0051640B /* AppDelegate.swift */ = {isa = PBXFileReference; lastKnownFileType = sourcecode.swift; path = AppDelegate.swift; sourceTree = "<group>"; };
		115414012C9291FE0051640B /* SceneDelegate.swift */ = {isa = PBXFileReference; lastKnownFileType = sourcecode.swift; path = SceneDelegate.swift; sourceTree = "<group>"; };
		115414082C9292000051640B /* Assets.xcassets */ = {isa = PBXFileReference; lastKnownFileType = folder.assetcatalog; path = Assets.xcassets; sourceTree = "<group>"; };
		1154140B2C9292000051640B /* Base */ = {isa = PBXFileReference; lastKnownFileType = file.storyboard; name = Base; path = Base.lproj/LaunchScreen.storyboard; sourceTree = "<group>"; };
		1154140D2C9292000051640B /* Info.plist */ = {isa = PBXFileReference; lastKnownFileType = text.plist.xml; path = Info.plist; sourceTree = "<group>"; };
		115414132C92941F0051640B /* FeedViewController.swift */ = {isa = PBXFileReference; lastKnownFileType = sourcecode.swift; path = FeedViewController.swift; sourceTree = "<group>"; };
		115414152C9294290051640B /* ProfileViewController.swift */ = {isa = PBXFileReference; lastKnownFileType = sourcecode.swift; path = ProfileViewController.swift; sourceTree = "<group>"; };
		115414172C9295440051640B /* PostViewController.swift */ = {isa = PBXFileReference; lastKnownFileType = sourcecode.swift; path = PostViewController.swift; sourceTree = "<group>"; };
		115414192C92A12F0051640B /* InfoViewController.swift */ = {isa = PBXFileReference; lastKnownFileType = sourcecode.swift; path = InfoViewController.swift; sourceTree = "<group>"; };
		115C0FDB2DDC792200C3EF99 /* ProfileHeaderView.swift */ = {isa = PBXFileReference; lastKnownFileType = sourcecode.swift; path = ProfileHeaderView.swift; sourceTree = "<group>"; };
		115C0FDE2DDF3EE500C3EF99 /* LogInViewController.swift */ = {isa = PBXFileReference; lastKnownFileType = sourcecode.swift; path = LogInViewController.swift; sourceTree = "<group>"; };
		115C0FE42DE18A2500C3EF99 /* UITableViewExtensions.swift */ = {isa = PBXFileReference; lastKnownFileType = sourcecode.swift; path = UITableViewExtensions.swift; sourceTree = "<group>"; };
		115C0FE62DE1905600C3EF99 /* PostTableViewCell.swift */ = {isa = PBXFileReference; lastKnownFileType = sourcecode.swift; path = PostTableViewCell.swift; sourceTree = "<group>"; };
		115C0FEC2DE4283E00C3EF99 /* TableSectionFooterHeaderView.swift */ = {isa = PBXFileReference; lastKnownFileType = sourcecode.swift; path = TableSectionFooterHeaderView.swift; sourceTree = "<group>"; };
		115C0FEE2DE6F6FA00C3EF99 /* PhotosTableViewCell.swift */ = {isa = PBXFileReference; lastKnownFileType = sourcecode.swift; path = PhotosTableViewCell.swift; sourceTree = "<group>"; };
		115C0FF02DE815F300C3EF99 /* PhotosViewController.swift */ = {isa = PBXFileReference; lastKnownFileType = sourcecode.swift; path = PhotosViewController.swift; sourceTree = "<group>"; };
		115C0FF22DE81E4B00C3EF99 /* PhotosCollectionViewCell.swift */ = {isa = PBXFileReference; lastKnownFileType = sourcecode.swift; path = PhotosCollectionViewCell.swift; sourceTree = "<group>"; };
		115C0FF52DE820D500C3EF99 /* Photo.swift */ = {isa = PBXFileReference; lastKnownFileType = sourcecode.swift; path = Photo.swift; sourceTree = "<group>"; };
		115C0FF72DE8332700C3EF99 /* Reusable.swift */ = {isa = PBXFileReference; lastKnownFileType = sourcecode.swift; path = Reusable.swift; sourceTree = "<group>"; };
		11B662F82E1B88A90032A5B1 /* User.swift */ = {isa = PBXFileReference; lastKnownFileType = sourcecode.swift; path = User.swift; sourceTree = "<group>"; };
		11B662FA2E1B89300032A5B1 /* UserService.swift */ = {isa = PBXFileReference; lastKnownFileType = sourcecode.swift; path = UserService.swift; sourceTree = "<group>"; };
		11B662FC2E1B8A4A0032A5B1 /* CurrentUserService.swift */ = {isa = PBXFileReference; lastKnownFileType = sourcecode.swift; path = CurrentUserService.swift; sourceTree = "<group>"; };
		11B662FE2E1F49080032A5B1 /* TestUserService.swift */ = {isa = PBXFileReference; lastKnownFileType = sourcecode.swift; path = TestUserService.swift; sourceTree = "<group>"; };
		11B663002E24ECDD0032A5B1 /* Checker.swift */ = {isa = PBXFileReference; lastKnownFileType = sourcecode.swift; path = Checker.swift; sourceTree = "<group>"; };
		11B663022E24EEED0032A5B1 /* LoginViewControllerDelegate.swift */ = {isa = PBXFileReference; lastKnownFileType = sourcecode.swift; path = LoginViewControllerDelegate.swift; sourceTree = "<group>"; };
		11B663042E24FA820032A5B1 /* LoginInspector.swift */ = {isa = PBXFileReference; lastKnownFileType = sourcecode.swift; path = LoginInspector.swift; sourceTree = "<group>"; };
		11B663062E2516310032A5B1 /* LoginFactory.swift */ = {isa = PBXFileReference; lastKnownFileType = sourcecode.swift; path = LoginFactory.swift; sourceTree = "<group>"; };
		11B663102E2E32C70032A5B1 /* CustomButton.swift */ = {isa = PBXFileReference; lastKnownFileType = sourcecode.swift; path = CustomButton.swift; sourceTree = "<group>"; };
		11B663182E2E45F10032A5B1 /* FeedModel.swift */ = {isa = PBXFileReference; lastKnownFileType = sourcecode.swift; path = FeedModel.swift; sourceTree = "<group>"; };
		11B6631B2E30C5EE0032A5B1 /* MainCoordinator.swift */ = {isa = PBXFileReference; lastKnownFileType = sourcecode.swift; path = MainCoordinator.swift; sourceTree = "<group>"; };
		11B6631D2E30C6CA0032A5B1 /* NavigationCoordinator.swift */ = {isa = PBXFileReference; lastKnownFileType = sourcecode.swift; path = NavigationCoordinator.swift; sourceTree = "<group>"; };
		11B6631F2E30C7300032A5B1 /* FeedCoordinator.swift */ = {isa = PBXFileReference; lastKnownFileType = sourcecode.swift; path = FeedCoordinator.swift; sourceTree = "<group>"; };
		11B663212E30C74B0032A5B1 /* ProfileCoordinator.swift */ = {isa = PBXFileReference; lastKnownFileType = sourcecode.swift; path = ProfileCoordinator.swift; sourceTree = "<group>"; };
		11B663252E30D2550032A5B1 /* LoginCoordinator.swift */ = {isa = PBXFileReference; lastKnownFileType = sourcecode.swift; path = LoginCoordinator.swift; sourceTree = "<group>"; };
		11B663272E30D5020032A5B1 /* TabBarCoordinator.swift */ = {isa = PBXFileReference; lastKnownFileType = sourcecode.swift; path = TabBarCoordinator.swift; sourceTree = "<group>"; };
		11B663292E30E1570032A5B1 /* FeedViewModel.swift */ = {isa = PBXFileReference; lastKnownFileType = sourcecode.swift; path = FeedViewModel.swift; sourceTree = "<group>"; };
		11F42E6B2E15336D002733B3 /* StorageService.framework */ = {isa = PBXFileReference; explicitFileType = wrapper.framework; includeInIndex = 0; path = StorageService.framework; sourceTree = BUILT_PRODUCTS_DIR; };
/* End PBXFileReference section */

/* Begin PBXFileSystemSynchronizedRootGroup section */
		11F42E6C2E15336D002733B3 /* StorageService */ = {isa = PBXFileSystemSynchronizedRootGroup; explicitFileTypes = {}; explicitFolders = (); path = StorageService; sourceTree = "<group>"; };
/* End PBXFileSystemSynchronizedRootGroup section */

/* Begin PBXFrameworksBuildPhase section */
		115413F92C9291FE0051640B /* Frameworks */ = {
			isa = PBXFrameworksBuildPhase;
			buildActionMask = 2147483647;
			files = (
				111D0E862E5EDAEB00017034 /* FirebasePerformance in Frameworks */,
				111D0E742E5EDAEB00017034 /* FirebaseDatabase in Frameworks */,
				111D0E7C2E5EDAEB00017034 /* FirebaseFunctionsCombine-Community in Frameworks */,
				11F42E732E15336E002733B3 /* StorageService.framework in Frameworks */,
				11B6630E2E2678180032A5B1 /* iOSIntPackage in Frameworks */,
				111D0E8A2E5EDAEB00017034 /* FirebaseStorage in Frameworks */,
				111D0E782E5EDAEB00017034 /* FirebaseFirestoreCombine-Community in Frameworks */,
				111D0E702E5EDAEB00017034 /* FirebaseCore in Frameworks */,
				111D0E662E5EDAEB00017034 /* FirebaseAnalyticsIdentitySupport in Frameworks */,
				111D0E822E5EDAEB00017034 /* FirebaseMLModelDownloader in Frameworks */,
				111D0E642E5EDAEB00017034 /* FirebaseAnalyticsCore in Frameworks */,
				111D0E842E5EDAEB00017034 /* FirebaseMessaging in Frameworks */,
				111D0E802E5EDAEB00017034 /* FirebaseInstallations in Frameworks */,
				111D0E6C2E5EDAEB00017034 /* FirebaseAuth in Frameworks */,
				111D0E682E5EDAEB00017034 /* FirebaseAppCheck in Frameworks */,
				111D0E622E5EDAEB00017034 /* FirebaseAnalytics in Frameworks */,
				111D0E7E2E5EDAEB00017034 /* FirebaseInAppMessaging-Beta in Frameworks */,
				111D0E602E5EDAEB00017034 /* FirebaseAI in Frameworks */,
				111D0E7A2E5EDAEB00017034 /* FirebaseFunctions in Frameworks */,
				111D0E882E5EDAEB00017034 /* FirebaseRemoteConfig in Frameworks */,
				111D0E722E5EDAEB00017034 /* FirebaseCrashlytics in Frameworks */,
				111D0E6A2E5EDAEB00017034 /* FirebaseAppDistribution-Beta in Frameworks */,
				111D0E8C2E5EDAEB00017034 /* FirebaseStorageCombine-Community in Frameworks */,
				111D0E6E2E5EDAEB00017034 /* FirebaseAuthCombine-Community in Frameworks */,
				111D0E762E5EDAEB00017034 /* FirebaseFirestore in Frameworks */,
			);
			runOnlyForDeploymentPostprocessing = 0;
		};
		11F42E682E15336D002733B3 /* Frameworks */ = {
			isa = PBXFrameworksBuildPhase;
			buildActionMask = 2147483647;
			files = (
			);
			runOnlyForDeploymentPostprocessing = 0;
		};
/* End PBXFrameworksBuildPhase section */

/* Begin PBXGroup section */
		111D0E4D2E543C0800017034 /* NetworkService */ = {
			isa = PBXGroup;
			children = (
				111D0E502E57165100017034 /* ToDoList.swift */,
				111D0E592E572E1C00017034 /* Planets.swift */,
				111D0E4E2E543C1700017034 /* NetworkManager.swift */,
			);
			path = NetworkService;
			sourceTree = "<group>";
		};
		112953B22E6011EA00B3175B /* ExamplesView */ = {
			isa = PBXGroup;
			children = (
				111D0E8D2E5EFB3D00017034 /* ExamplesCoordinator.swift */,
			);
			path = ExamplesView;
			sourceTree = "<group>";
		};
		115413F32C9291FE0051640B = {
			isa = PBXGroup;
			children = (
				115413FE2C9291FE0051640B /* Navigation */,
				11F42E6C2E15336D002733B3 /* StorageService */,
				115413FD2C9291FE0051640B /* Products */,
			);
			sourceTree = "<group>";
		};
		115413FD2C9291FE0051640B /* Products */ = {
			isa = PBXGroup;
			children = (
				115413FC2C9291FE0051640B /* Navigation.app */,
				11F42E6B2E15336D002733B3 /* StorageService.framework */,
			);
			name = Products;
			sourceTree = "<group>";
		};
		115413FE2C9291FE0051640B /* Navigation */ = {
			isa = PBXGroup;
			children = (
				112953B22E6011EA00B3175B /* ExamplesView */,
				11B6632B2E371E5B0032A5B1 /* AppDelegate */,
				11B663142E2E3E060032A5B1 /* Models */,
				11B663132E2E3DED0032A5B1 /* FeedView(MVVM) */,
				11B663122E2E34690032A5B1 /* LoginView */,
				11B6630F2E2E329A0032A5B1 /* CustomObjectViews */,
				115C0FDD2DDC923D00C3EF99 /* ProfileView */,
				115414082C9292000051640B /* Assets.xcassets */,
				1154140A2C9292000051640B /* LaunchScreen.storyboard */,
				1154140D2C9292000051640B /* Info.plist */,
				115414172C9295440051640B /* PostViewController.swift */,
				115414192C92A12F0051640B /* InfoViewController.swift */,
			);
			path = Navigation;
			sourceTree = "<group>";
		};
		115C0FDD2DDC923D00C3EF99 /* ProfileView */ = {
			isa = PBXGroup;
			children = (
				115414152C9294290051640B /* ProfileViewController.swift */,
				115C0FE42DE18A2500C3EF99 /* UITableViewExtensions.swift */,
				115C0FE62DE1905600C3EF99 /* PostTableViewCell.swift */,
				115C0FEE2DE6F6FA00C3EF99 /* PhotosTableViewCell.swift */,
				115C0FF02DE815F300C3EF99 /* PhotosViewController.swift */,
				115C0FF22DE81E4B00C3EF99 /* PhotosCollectionViewCell.swift */,
				115C0FF72DE8332700C3EF99 /* Reusable.swift */,
				115C0FDB2DDC792200C3EF99 /* ProfileHeaderView.swift */,
				115C0FEC2DE4283E00C3EF99 /* TableSectionFooterHeaderView.swift */,
				11B663212E30C74B0032A5B1 /* ProfileCoordinator.swift */,
			);
			path = ProfileView;
			sourceTree = "<group>";
		};
		115C0FF42DE820AA00C3EF99 /* ProfileViewModels */ = {
			isa = PBXGroup;
			children = (
				115C0FF52DE820D500C3EF99 /* Photo.swift */,
			);
			path = ProfileViewModels;
			sourceTree = "<group>";
		};
		11B662F72E1B884C0032A5B1 /* UserModels */ = {
			isa = PBXGroup;
			children = (
				11B662F82E1B88A90032A5B1 /* User.swift */,
				11B662FA2E1B89300032A5B1 /* UserService.swift */,
				11B662FC2E1B8A4A0032A5B1 /* CurrentUserService.swift */,
				11B662FE2E1F49080032A5B1 /* TestUserService.swift */,
				11B663002E24ECDD0032A5B1 /* Checker.swift */,
				11B663042E24FA820032A5B1 /* LoginInspector.swift */,
				11B663062E2516310032A5B1 /* LoginFactory.swift */,
			);
			path = UserModels;
			sourceTree = "<group>";
		};
		11B6630F2E2E329A0032A5B1 /* CustomObjectViews */ = {
			isa = PBXGroup;
			children = (
				11B663102E2E32C70032A5B1 /* CustomButton.swift */,
			);
			path = CustomObjectViews;
			sourceTree = "<group>";
		};
		11B663122E2E34690032A5B1 /* LoginView */ = {
			isa = PBXGroup;
			children = (
				11B663022E24EEED0032A5B1 /* LoginViewControllerDelegate.swift */,
				115C0FDE2DDF3EE500C3EF99 /* LogInViewController.swift */,
				11B663252E30D2550032A5B1 /* LoginCoordinator.swift */,
			);
			path = LoginView;
			sourceTree = "<group>";
		};
		11B663132E2E3DED0032A5B1 /* FeedView(MVVM) */ = {
			isa = PBXGroup;
			children = (
				115414132C92941F0051640B /* FeedViewController.swift */,
				11B663292E30E1570032A5B1 /* FeedViewModel.swift */,
				11B663182E2E45F10032A5B1 /* FeedModel.swift */,
				11B6631F2E30C7300032A5B1 /* FeedCoordinator.swift */,
			);
			path = "FeedView(MVVM)";
			sourceTree = "<group>";
		};
		11B663142E2E3E060032A5B1 /* Models */ = {
			isa = PBXGroup;
			children = (
				111D0E5B2E5EC91D00017034 /* StoreManager.swift */,
				111D0E4D2E543C0800017034 /* NetworkService */,
				11337A952E41E713001A145C /* PasswordBruteForce.swift */,
				11B663172E2E45DF0032A5B1 /* FeedModels */,
				11B662F72E1B884C0032A5B1 /* UserModels */,
				115C0FF42DE820AA00C3EF99 /* ProfileViewModels */,
			);
			path = Models;
			sourceTree = "<group>";
		};
		11B663172E2E45DF0032A5B1 /* FeedModels */ = {
			isa = PBXGroup;
			children = (
			);
			path = FeedModels;
			sourceTree = "<group>";
		};
		11B6632B2E371E5B0032A5B1 /* AppDelegate */ = {
			isa = PBXGroup;
			children = (
				11B6631B2E30C5EE0032A5B1 /* MainCoordinator.swift */,
				11B6631D2E30C6CA0032A5B1 /* NavigationCoordinator.swift */,
				11B663272E30D5020032A5B1 /* TabBarCoordinator.swift */,
				115413FF2C9291FE0051640B /* AppDelegate.swift */,
				115414012C9291FE0051640B /* SceneDelegate.swift */,
			);
			path = AppDelegate;
			sourceTree = "<group>";
		};
/* End PBXGroup section */

/* Begin PBXHeadersBuildPhase section */
		11F42E662E15336D002733B3 /* Headers */ = {
			isa = PBXHeadersBuildPhase;
			buildActionMask = 2147483647;
			files = (
			);
			runOnlyForDeploymentPostprocessing = 0;
		};
/* End PBXHeadersBuildPhase section */

/* Begin PBXNativeTarget section */
		115413FB2C9291FE0051640B /* Navigation */ = {
			isa = PBXNativeTarget;
			buildConfigurationList = 115414102C9292000051640B /* Build configuration list for PBXNativeTarget "Navigation" */;
			buildPhases = (
				115413F82C9291FE0051640B /* Sources */,
				115413F92C9291FE0051640B /* Frameworks */,
				115413FA2C9291FE0051640B /* Resources */,
				11F42E752E15336E002733B3 /* Embed Frameworks */,
			);
			buildRules = (
			);
			dependencies = (
				11F42E722E15336E002733B3 /* PBXTargetDependency */,
			);
			name = Navigation;
			productName = Navigation;
			productReference = 115413FC2C9291FE0051640B /* Navigation.app */;
			productType = "com.apple.product-type.application";
		};
		11F42E6A2E15336D002733B3 /* StorageService */ = {
			isa = PBXNativeTarget;
			buildConfigurationList = 11F42E782E15336E002733B3 /* Build configuration list for PBXNativeTarget "StorageService" */;
			buildPhases = (
				11F42E662E15336D002733B3 /* Headers */,
				11F42E672E15336D002733B3 /* Sources */,
				11F42E682E15336D002733B3 /* Frameworks */,
				11F42E692E15336D002733B3 /* Resources */,
			);
			buildRules = (
			);
			dependencies = (
			);
			fileSystemSynchronizedGroups = (
				11F42E6C2E15336D002733B3 /* StorageService */,
			);
			name = StorageService;
			packageProductDependencies = (
			);
			productName = StorageService;
			productReference = 11F42E6B2E15336D002733B3 /* StorageService.framework */;
			productType = "com.apple.product-type.framework";
		};
/* End PBXNativeTarget section */

/* Begin PBXProject section */
		115413F42C9291FE0051640B /* Project object */ = {
			isa = PBXProject;
			attributes = {
				BuildIndependentTargetsInParallel = 1;
				LastSwiftUpdateCheck = 1630;
				LastUpgradeCheck = 1630;
				TargetAttributes = {
					115413FB2C9291FE0051640B = {
						CreatedOnToolsVersion = 15.4;
					};
					11F42E6A2E15336D002733B3 = {
						CreatedOnToolsVersion = 16.3;
					};
				};
			};
			buildConfigurationList = 115413F72C9291FE0051640B /* Build configuration list for PBXProject "Navigation" */;
			compatibilityVersion = "Xcode 14.0";
			developmentRegion = en;
			hasScannedForEncodings = 0;
			knownRegions = (
				en,
				Base,
			);
			mainGroup = 115413F32C9291FE0051640B;
			packageReferences = (
				11B6630C2E2678180032A5B1 /* XCRemoteSwiftPackageReference "iOSIntPackage" */,
				111D0E5E2E5EDAEB00017034 /* XCRemoteSwiftPackageReference "firebase-ios-sdk" */,
			);
			productRefGroup = 115413FD2C9291FE0051640B /* Products */;
			projectDirPath = "";
			projectRoot = "";
			targets = (
				115413FB2C9291FE0051640B /* Navigation */,
				11F42E6A2E15336D002733B3 /* StorageService */,
			);
		};
/* End PBXProject section */

/* Begin PBXResourcesBuildPhase section */
		115413FA2C9291FE0051640B /* Resources */ = {
			isa = PBXResourcesBuildPhase;
			buildActionMask = 2147483647;
			files = (
				115414092C9292000051640B /* Assets.xcassets in Resources */,
				1154140C2C9292000051640B /* Base in Resources */,
			);
			runOnlyForDeploymentPostprocessing = 0;
		};
		11F42E692E15336D002733B3 /* Resources */ = {
			isa = PBXResourcesBuildPhase;
			buildActionMask = 2147483647;
			files = (
			);
			runOnlyForDeploymentPostprocessing = 0;
		};
/* End PBXResourcesBuildPhase section */

/* Begin PBXSourcesBuildPhase section */
		115413F82C9291FE0051640B /* Sources */ = {
			isa = PBXSourcesBuildPhase;
			buildActionMask = 2147483647;
			files = (
				11B663112E2E32C70032A5B1 /* CustomButton.swift in Sources */,
				111D0E8E2E5EFB4E00017034 /* ExamplesCoordinator.swift in Sources */,
				11B663192E2E45F10032A5B1 /* FeedModel.swift in Sources */,
				115414182C9295440051640B /* PostViewController.swift in Sources */,
				11337A962E41E71E001A145C /* PasswordBruteForce.swift in Sources */,
				111D0E4F2E543C2000017034 /* NetworkManager.swift in Sources */,
				115C0FE52DE18A2500C3EF99 /* UITableViewExtensions.swift in Sources */,
				11B663012E24ECDD0032A5B1 /* Checker.swift in Sources */,
				11B6631C2E30C5EE0032A5B1 /* MainCoordinator.swift in Sources */,
				115C0FDF2DDF3EE500C3EF99 /* LogInViewController.swift in Sources */,
				111D0E512E57169D00017034 /* ToDoList.swift in Sources */,
				115414002C9291FE0051640B /* AppDelegate.swift in Sources */,
				11B663032E24EEED0032A5B1 /* LoginViewControllerDelegate.swift in Sources */,
				1154141A2C92A12F0051640B /* InfoViewController.swift in Sources */,
				115414162C9294290051640B /* ProfileViewController.swift in Sources */,
				115414142C92941F0051640B /* FeedViewController.swift in Sources */,
				115C0FEF2DE6F6FA00C3EF99 /* PhotosTableViewCell.swift in Sources */,
				11B663202E30C7300032A5B1 /* FeedCoordinator.swift in Sources */,
				115C0FF12DE815F300C3EF99 /* PhotosViewController.swift in Sources */,
				11B662FD2E1B8A4A0032A5B1 /* CurrentUserService.swift in Sources */,
				11B663282E30D5020032A5B1 /* TabBarCoordinator.swift in Sources */,
				111D0E5C2E5EC92400017034 /* StoreManager.swift in Sources */,
				11B6632A2E30E1570032A5B1 /* FeedViewModel.swift in Sources */,
				115C0FF62DE820D500C3EF99 /* Photo.swift in Sources */,
				11B663072E2516310032A5B1 /* LoginFactory.swift in Sources */,
				115414022C9291FE0051640B /* SceneDelegate.swift in Sources */,
				11B6631E2E30C6CA0032A5B1 /* NavigationCoordinator.swift in Sources */,
				11B663052E24FA820032A5B1 /* LoginInspector.swift in Sources */,
				115C0FF82DE8332700C3EF99 /* Reusable.swift in Sources */,
				11B662FF2E1F49080032A5B1 /* TestUserService.swift in Sources */,
				111D0E5A2E572E1C00017034 /* Planets.swift in Sources */,
				11B662FB2E1B89300032A5B1 /* UserService.swift in Sources */,
				115C0FDC2DDC792200C3EF99 /* ProfileHeaderView.swift in Sources */,
				11B662F92E1B88A90032A5B1 /* User.swift in Sources */,
				11B663222E30C74B0032A5B1 /* ProfileCoordinator.swift in Sources */,
				11B663262E30D2550032A5B1 /* LoginCoordinator.swift in Sources */,
				115C0FED2DE4283E00C3EF99 /* TableSectionFooterHeaderView.swift in Sources */,
				115C0FF32DE81E4B00C3EF99 /* PhotosCollectionViewCell.swift in Sources */,
				115C0FE72DE1905600C3EF99 /* PostTableViewCell.swift in Sources */,
			);
			runOnlyForDeploymentPostprocessing = 0;
		};
		11F42E672E15336D002733B3 /* Sources */ = {
			isa = PBXSourcesBuildPhase;
			buildActionMask = 2147483647;
			files = (
			);
			runOnlyForDeploymentPostprocessing = 0;
		};
/* End PBXSourcesBuildPhase section */

/* Begin PBXTargetDependency section */
		11F42E722E15336E002733B3 /* PBXTargetDependency */ = {
			isa = PBXTargetDependency;
			target = 11F42E6A2E15336D002733B3 /* StorageService */;
			targetProxy = 11F42E712E15336E002733B3 /* PBXContainerItemProxy */;
		};
/* End PBXTargetDependency section */

/* Begin PBXVariantGroup section */
		1154140A2C9292000051640B /* LaunchScreen.storyboard */ = {
			isa = PBXVariantGroup;
			children = (
				1154140B2C9292000051640B /* Base */,
			);
			name = LaunchScreen.storyboard;
			sourceTree = "<group>";
		};
/* End PBXVariantGroup section */

/* Begin XCBuildConfiguration section */
		1154140E2C9292000051640B /* Debug */ = {
			isa = XCBuildConfiguration;
			buildSettings = {
				ALWAYS_SEARCH_USER_PATHS = NO;
				ASSETCATALOG_COMPILER_GENERATE_SWIFT_ASSET_SYMBOL_EXTENSIONS = YES;
				CLANG_ANALYZER_NONNULL = YES;
				CLANG_ANALYZER_NUMBER_OBJECT_CONVERSION = YES_AGGRESSIVE;
				CLANG_CXX_LANGUAGE_STANDARD = "gnu++20";
				CLANG_ENABLE_MODULES = YES;
				CLANG_ENABLE_OBJC_ARC = YES;
				CLANG_ENABLE_OBJC_WEAK = YES;
				CLANG_WARN_BLOCK_CAPTURE_AUTORELEASING = YES;
				CLANG_WARN_BOOL_CONVERSION = YES;
				CLANG_WARN_COMMA = YES;
				CLANG_WARN_CONSTANT_CONVERSION = YES;
				CLANG_WARN_DEPRECATED_OBJC_IMPLEMENTATIONS = YES;
				CLANG_WARN_DIRECT_OBJC_ISA_USAGE = YES_ERROR;
				CLANG_WARN_DOCUMENTATION_COMMENTS = YES;
				CLANG_WARN_EMPTY_BODY = YES;
				CLANG_WARN_ENUM_CONVERSION = YES;
				CLANG_WARN_INFINITE_RECURSION = YES;
				CLANG_WARN_INT_CONVERSION = YES;
				CLANG_WARN_NON_LITERAL_NULL_CONVERSION = YES;
				CLANG_WARN_OBJC_IMPLICIT_RETAIN_SELF = YES;
				CLANG_WARN_OBJC_LITERAL_CONVERSION = YES;
				CLANG_WARN_OBJC_ROOT_CLASS = YES_ERROR;
				CLANG_WARN_QUOTED_INCLUDE_IN_FRAMEWORK_HEADER = YES;
				CLANG_WARN_RANGE_LOOP_ANALYSIS = YES;
				CLANG_WARN_STRICT_PROTOTYPES = YES;
				CLANG_WARN_SUSPICIOUS_MOVE = YES;
				CLANG_WARN_UNGUARDED_AVAILABILITY = YES_AGGRESSIVE;
				CLANG_WARN_UNREACHABLE_CODE = YES;
				CLANG_WARN__DUPLICATE_METHOD_MATCH = YES;
				COPY_PHASE_STRIP = NO;
				DEBUG_INFORMATION_FORMAT = dwarf;
				DEVELOPMENT_TEAM = 6UXQQ2CL4C;
				ENABLE_STRICT_OBJC_MSGSEND = YES;
				ENABLE_TESTABILITY = YES;
				ENABLE_USER_SCRIPT_SANDBOXING = YES;
				GCC_C_LANGUAGE_STANDARD = gnu17;
				GCC_DYNAMIC_NO_PIC = NO;
				GCC_NO_COMMON_BLOCKS = YES;
				GCC_OPTIMIZATION_LEVEL = 0;
				GCC_PREPROCESSOR_DEFINITIONS = (
					"DEBUG=1",
					"$(inherited)",
				);
				GCC_WARN_64_TO_32_BIT_CONVERSION = YES;
				GCC_WARN_ABOUT_RETURN_TYPE = YES_ERROR;
				GCC_WARN_UNDECLARED_SELECTOR = YES;
				GCC_WARN_UNINITIALIZED_AUTOS = YES_AGGRESSIVE;
				GCC_WARN_UNUSED_FUNCTION = YES;
				GCC_WARN_UNUSED_VARIABLE = YES;
				IPHONEOS_DEPLOYMENT_TARGET = 15.6;
				LOCALIZATION_PREFERS_STRING_CATALOGS = YES;
				MTL_ENABLE_DEBUG_INFO = INCLUDE_SOURCE;
				MTL_FAST_MATH = YES;
				ONLY_ACTIVE_ARCH = YES;
				SDKROOT = iphoneos;
				SWIFT_ACTIVE_COMPILATION_CONDITIONS = "DEBUG$(inherited)";
				SWIFT_OPTIMIZATION_LEVEL = "-Onone";
			};
			name = Debug;
		};
		1154140F2C9292000051640B /* Release */ = {
			isa = XCBuildConfiguration;
			buildSettings = {
				ALWAYS_SEARCH_USER_PATHS = NO;
				ASSETCATALOG_COMPILER_GENERATE_SWIFT_ASSET_SYMBOL_EXTENSIONS = YES;
				CLANG_ANALYZER_NONNULL = YES;
				CLANG_ANALYZER_NUMBER_OBJECT_CONVERSION = YES_AGGRESSIVE;
				CLANG_CXX_LANGUAGE_STANDARD = "gnu++20";
				CLANG_ENABLE_MODULES = YES;
				CLANG_ENABLE_OBJC_ARC = YES;
				CLANG_ENABLE_OBJC_WEAK = YES;
				CLANG_WARN_BLOCK_CAPTURE_AUTORELEASING = YES;
				CLANG_WARN_BOOL_CONVERSION = YES;
				CLANG_WARN_COMMA = YES;
				CLANG_WARN_CONSTANT_CONVERSION = YES;
				CLANG_WARN_DEPRECATED_OBJC_IMPLEMENTATIONS = YES;
				CLANG_WARN_DIRECT_OBJC_ISA_USAGE = YES_ERROR;
				CLANG_WARN_DOCUMENTATION_COMMENTS = YES;
				CLANG_WARN_EMPTY_BODY = YES;
				CLANG_WARN_ENUM_CONVERSION = YES;
				CLANG_WARN_INFINITE_RECURSION = YES;
				CLANG_WARN_INT_CONVERSION = YES;
				CLANG_WARN_NON_LITERAL_NULL_CONVERSION = YES;
				CLANG_WARN_OBJC_IMPLICIT_RETAIN_SELF = YES;
				CLANG_WARN_OBJC_LITERAL_CONVERSION = YES;
				CLANG_WARN_OBJC_ROOT_CLASS = YES_ERROR;
				CLANG_WARN_QUOTED_INCLUDE_IN_FRAMEWORK_HEADER = YES;
				CLANG_WARN_RANGE_LOOP_ANALYSIS = YES;
				CLANG_WARN_STRICT_PROTOTYPES = YES;
				CLANG_WARN_SUSPICIOUS_MOVE = YES;
				CLANG_WARN_UNGUARDED_AVAILABILITY = YES_AGGRESSIVE;
				CLANG_WARN_UNREACHABLE_CODE = YES;
				CLANG_WARN__DUPLICATE_METHOD_MATCH = YES;
				COPY_PHASE_STRIP = NO;
				DEBUG_INFORMATION_FORMAT = "dwarf-with-dsym";
				DEVELOPMENT_TEAM = 6UXQQ2CL4C;
				ENABLE_NS_ASSERTIONS = NO;
				ENABLE_STRICT_OBJC_MSGSEND = YES;
				ENABLE_USER_SCRIPT_SANDBOXING = YES;
				GCC_C_LANGUAGE_STANDARD = gnu17;
				GCC_NO_COMMON_BLOCKS = YES;
				GCC_WARN_64_TO_32_BIT_CONVERSION = YES;
				GCC_WARN_ABOUT_RETURN_TYPE = YES_ERROR;
				GCC_WARN_UNDECLARED_SELECTOR = YES;
				GCC_WARN_UNINITIALIZED_AUTOS = YES_AGGRESSIVE;
				GCC_WARN_UNUSED_FUNCTION = YES;
				GCC_WARN_UNUSED_VARIABLE = YES;
				IPHONEOS_DEPLOYMENT_TARGET = 15.6;
				LOCALIZATION_PREFERS_STRING_CATALOGS = YES;
				MTL_ENABLE_DEBUG_INFO = NO;
				MTL_FAST_MATH = YES;
				SDKROOT = iphoneos;
				SWIFT_COMPILATION_MODE = wholemodule;
				VALIDATE_PRODUCT = YES;
			};
			name = Release;
		};
		115414112C9292000051640B /* Debug */ = {
			isa = XCBuildConfiguration;
			buildSettings = {
				ASSETCATALOG_COMPILER_APPICON_NAME = AppIcon;
				ASSETCATALOG_COMPILER_GLOBAL_ACCENT_COLOR_NAME = AccentColor;
				CODE_SIGN_STYLE = Automatic;
				CURRENT_PROJECT_VERSION = 1;
				GENERATE_INFOPLIST_FILE = YES;
				INFOPLIST_FILE = Navigation/Info.plist;
				INFOPLIST_KEY_UIApplicationSupportsIndirectInputEvents = YES;
				INFOPLIST_KEY_UILaunchStoryboardName = LaunchScreen;
				INFOPLIST_KEY_UISupportedInterfaceOrientations_iPad = "UIInterfaceOrientationPortrait UIInterfaceOrientationPortraitUpsideDown UIInterfaceOrientationLandscapeLeft UIInterfaceOrientationLandscapeRight";
				INFOPLIST_KEY_UISupportedInterfaceOrientations_iPhone = "UIInterfaceOrientationPortrait UIInterfaceOrientationLandscapeLeft UIInterfaceOrientationLandscapeRight";
				IPHONEOS_DEPLOYMENT_TARGET = 15.6;
				LD_RUNPATH_SEARCH_PATHS = (
					"$(inherited)",
					"@executable_path/Frameworks",
				);
				MARKETING_VERSION = 1.0;
				OTHER_SWIFT_FLAGS = "-D DEBUG";
				PRODUCT_BUNDLE_IDENTIFIER = Crbn.Navigation;
				PRODUCT_NAME = "$(TARGET_NAME)";
				SUPPORTED_PLATFORMS = "iphoneos iphonesimulator";
				SUPPORTS_MACCATALYST = NO;
				SUPPORTS_MAC_DESIGNED_FOR_IPHONE_IPAD = NO;
				SUPPORTS_XR_DESIGNED_FOR_IPHONE_IPAD = NO;
				SWIFT_EMIT_LOC_STRINGS = YES;
				SWIFT_VERSION = 5.0;
				TARGETED_DEVICE_FAMILY = 1;
			};
			name = Debug;
		};
		115414122C9292000051640B /* Release */ = {
			isa = XCBuildConfiguration;
			buildSettings = {
				ASSETCATALOG_COMPILER_APPICON_NAME = AppIcon;
				ASSETCATALOG_COMPILER_GLOBAL_ACCENT_COLOR_NAME = AccentColor;
				CODE_SIGN_STYLE = Automatic;
				CURRENT_PROJECT_VERSION = 1;
				GENERATE_INFOPLIST_FILE = YES;
				INFOPLIST_FILE = Navigation/Info.plist;
				INFOPLIST_KEY_UIApplicationSupportsIndirectInputEvents = YES;
				INFOPLIST_KEY_UILaunchStoryboardName = LaunchScreen;
				INFOPLIST_KEY_UISupportedInterfaceOrientations_iPad = "UIInterfaceOrientationPortrait UIInterfaceOrientationPortraitUpsideDown UIInterfaceOrientationLandscapeLeft UIInterfaceOrientationLandscapeRight";
				INFOPLIST_KEY_UISupportedInterfaceOrientations_iPhone = "UIInterfaceOrientationPortrait UIInterfaceOrientationLandscapeLeft UIInterfaceOrientationLandscapeRight";
				IPHONEOS_DEPLOYMENT_TARGET = 15.6;
				LD_RUNPATH_SEARCH_PATHS = (
					"$(inherited)",
					"@executable_path/Frameworks",
				);
				MARKETING_VERSION = 1.0;
				OTHER_SWIFT_FLAGS = "";
				PRODUCT_BUNDLE_IDENTIFIER = Crbn.Navigation;
				PRODUCT_NAME = "$(TARGET_NAME)";
				SUPPORTED_PLATFORMS = "iphoneos iphonesimulator";
				SUPPORTS_MACCATALYST = NO;
				SUPPORTS_MAC_DESIGNED_FOR_IPHONE_IPAD = NO;
				SUPPORTS_XR_DESIGNED_FOR_IPHONE_IPAD = NO;
				SWIFT_EMIT_LOC_STRINGS = YES;
				SWIFT_VERSION = 5.0;
				TARGETED_DEVICE_FAMILY = 1;
			};
			name = Release;
		};
		11F42E762E15336E002733B3 /* Debug */ = {
			isa = XCBuildConfiguration;
			buildSettings = {
				BUILD_LIBRARY_FOR_DISTRIBUTION = YES;
				CODE_SIGN_STYLE = Automatic;
				CURRENT_PROJECT_VERSION = 1;
				DYLIB_COMPATIBILITY_VERSION = 1;
				DYLIB_CURRENT_VERSION = 1;
				DYLIB_INSTALL_NAME_BASE = "@rpath";
				ENABLE_MODULE_VERIFIER = YES;
				GENERATE_INFOPLIST_FILE = YES;
				INFOPLIST_KEY_NSHumanReadableCopyright = "";
				INSTALL_PATH = "$(LOCAL_LIBRARY_DIR)/Frameworks";
				IPHONEOS_DEPLOYMENT_TARGET = 18.4;
				LD_RUNPATH_SEARCH_PATHS = (
					"$(inherited)",
					"@executable_path/Frameworks",
					"@loader_path/Frameworks",
				);
				MARKETING_VERSION = 1.0;
				MODULE_VERIFIER_SUPPORTED_LANGUAGES = "objective-c objective-c++";
				MODULE_VERIFIER_SUPPORTED_LANGUAGE_STANDARDS = "gnu17 gnu++20";
				PRODUCT_BUNDLE_IDENTIFIER = Crbn.StorageService;
				PRODUCT_NAME = "$(TARGET_NAME:c99extidentifier)";
				SKIP_INSTALL = YES;
				SUPPORTED_PLATFORMS = "iphoneos iphonesimulator";
				SUPPORTS_MACCATALYST = NO;
				SUPPORTS_MAC_DESIGNED_FOR_IPHONE_IPAD = NO;
				SUPPORTS_XR_DESIGNED_FOR_IPHONE_IPAD = NO;
				SWIFT_EMIT_LOC_STRINGS = YES;
				SWIFT_INSTALL_MODULE = YES;
				SWIFT_INSTALL_OBJC_HEADER = NO;
				SWIFT_VERSION = 5.0;
				TARGETED_DEVICE_FAMILY = 1;
				VERSIONING_SYSTEM = "apple-generic";
				VERSION_INFO_PREFIX = "";
			};
			name = Debug;
		};
		11F42E772E15336E002733B3 /* Release */ = {
			isa = XCBuildConfiguration;
			buildSettings = {
				BUILD_LIBRARY_FOR_DISTRIBUTION = YES;
				CODE_SIGN_STYLE = Automatic;
				CURRENT_PROJECT_VERSION = 1;
				DYLIB_COMPATIBILITY_VERSION = 1;
				DYLIB_CURRENT_VERSION = 1;
				DYLIB_INSTALL_NAME_BASE = "@rpath";
				ENABLE_MODULE_VERIFIER = YES;
				GENERATE_INFOPLIST_FILE = YES;
				INFOPLIST_KEY_NSHumanReadableCopyright = "";
				INSTALL_PATH = "$(LOCAL_LIBRARY_DIR)/Frameworks";
				IPHONEOS_DEPLOYMENT_TARGET = 18.4;
				LD_RUNPATH_SEARCH_PATHS = (
					"$(inherited)",
					"@executable_path/Frameworks",
					"@loader_path/Frameworks",
				);
				MARKETING_VERSION = 1.0;
				MODULE_VERIFIER_SUPPORTED_LANGUAGES = "objective-c objective-c++";
				MODULE_VERIFIER_SUPPORTED_LANGUAGE_STANDARDS = "gnu17 gnu++20";
				PRODUCT_BUNDLE_IDENTIFIER = Crbn.StorageService;
				PRODUCT_NAME = "$(TARGET_NAME:c99extidentifier)";
				SKIP_INSTALL = YES;
				SUPPORTED_PLATFORMS = "iphoneos iphonesimulator";
				SUPPORTS_MACCATALYST = NO;
				SUPPORTS_MAC_DESIGNED_FOR_IPHONE_IPAD = NO;
				SUPPORTS_XR_DESIGNED_FOR_IPHONE_IPAD = NO;
				SWIFT_EMIT_LOC_STRINGS = YES;
				SWIFT_INSTALL_MODULE = YES;
				SWIFT_INSTALL_OBJC_HEADER = NO;
				SWIFT_VERSION = 5.0;
				TARGETED_DEVICE_FAMILY = 1;
				VERSIONING_SYSTEM = "apple-generic";
				VERSION_INFO_PREFIX = "";
			};
			name = Release;
		};
/* End XCBuildConfiguration section */

/* Begin XCConfigurationList section */
		115413F72C9291FE0051640B /* Build configuration list for PBXProject "Navigation" */ = {
			isa = XCConfigurationList;
			buildConfigurations = (
				1154140E2C9292000051640B /* Debug */,
				1154140F2C9292000051640B /* Release */,
			);
			defaultConfigurationIsVisible = 0;
			defaultConfigurationName = Debug;
		};
		115414102C9292000051640B /* Build configuration list for PBXNativeTarget "Navigation" */ = {
			isa = XCConfigurationList;
			buildConfigurations = (
				115414112C9292000051640B /* Debug */,
				115414122C9292000051640B /* Release */,
			);
			defaultConfigurationIsVisible = 0;
			defaultConfigurationName = Debug;
		};
		11F42E782E15336E002733B3 /* Build configuration list for PBXNativeTarget "StorageService" */ = {
			isa = XCConfigurationList;
			buildConfigurations = (
				11F42E762E15336E002733B3 /* Debug */,
				11F42E772E15336E002733B3 /* Release */,
			);
			defaultConfigurationIsVisible = 0;
			defaultConfigurationName = Debug;
		};
/* End XCConfigurationList section */

/* Begin XCRemoteSwiftPackageReference section */
		111D0E5E2E5EDAEB00017034 /* XCRemoteSwiftPackageReference "firebase-ios-sdk" */ = {
			isa = XCRemoteSwiftPackageReference;
			repositoryURL = "https://github.com/firebase/firebase-ios-sdk";
			requirement = {
				kind = upToNextMajorVersion;
				minimumVersion = 12.1.0;
			};
		};
		11B6630C2E2678180032A5B1 /* XCRemoteSwiftPackageReference "iOSIntPackage" */ = {
			isa = XCRemoteSwiftPackageReference;
			repositoryURL = "https://github.com/TrueMax/iOSIntPackage";
			requirement = {
				branch = imagepublisher;
				kind = branch;
			};
		};
/* End XCRemoteSwiftPackageReference section */

/* Begin XCSwiftPackageProductDependency section */
		111D0E5F2E5EDAEB00017034 /* FirebaseAI */ = {
			isa = XCSwiftPackageProductDependency;
			package = 111D0E5E2E5EDAEB00017034 /* XCRemoteSwiftPackageReference "firebase-ios-sdk" */;
			productName = FirebaseAI;
		};
		111D0E612E5EDAEB00017034 /* FirebaseAnalytics */ = {
			isa = XCSwiftPackageProductDependency;
			package = 111D0E5E2E5EDAEB00017034 /* XCRemoteSwiftPackageReference "firebase-ios-sdk" */;
			productName = FirebaseAnalytics;
		};
		111D0E632E5EDAEB00017034 /* FirebaseAnalyticsCore */ = {
			isa = XCSwiftPackageProductDependency;
			package = 111D0E5E2E5EDAEB00017034 /* XCRemoteSwiftPackageReference "firebase-ios-sdk" */;
			productName = FirebaseAnalyticsCore;
		};
		111D0E652E5EDAEB00017034 /* FirebaseAnalyticsIdentitySupport */ = {
			isa = XCSwiftPackageProductDependency;
			package = 111D0E5E2E5EDAEB00017034 /* XCRemoteSwiftPackageReference "firebase-ios-sdk" */;
			productName = FirebaseAnalyticsIdentitySupport;
		};
		111D0E672E5EDAEB00017034 /* FirebaseAppCheck */ = {
			isa = XCSwiftPackageProductDependency;
			package = 111D0E5E2E5EDAEB00017034 /* XCRemoteSwiftPackageReference "firebase-ios-sdk" */;
			productName = FirebaseAppCheck;
		};
		111D0E692E5EDAEB00017034 /* FirebaseAppDistribution-Beta */ = {
			isa = XCSwiftPackageProductDependency;
			package = 111D0E5E2E5EDAEB00017034 /* XCRemoteSwiftPackageReference "firebase-ios-sdk" */;
			productName = "FirebaseAppDistribution-Beta";
		};
		111D0E6B2E5EDAEB00017034 /* FirebaseAuth */ = {
			isa = XCSwiftPackageProductDependency;
			package = 111D0E5E2E5EDAEB00017034 /* XCRemoteSwiftPackageReference "firebase-ios-sdk" */;
			productName = FirebaseAuth;
		};
		111D0E6D2E5EDAEB00017034 /* FirebaseAuthCombine-Community */ = {
			isa = XCSwiftPackageProductDependency;
			package = 111D0E5E2E5EDAEB00017034 /* XCRemoteSwiftPackageReference "firebase-ios-sdk" */;
			productName = "FirebaseAuthCombine-Community";
		};
		111D0E6F2E5EDAEB00017034 /* FirebaseCore */ = {
			isa = XCSwiftPackageProductDependency;
			package = 111D0E5E2E5EDAEB00017034 /* XCRemoteSwiftPackageReference "firebase-ios-sdk" */;
			productName = FirebaseCore;
		};
		111D0E712E5EDAEB00017034 /* FirebaseCrashlytics */ = {
			isa = XCSwiftPackageProductDependency;
			package = 111D0E5E2E5EDAEB00017034 /* XCRemoteSwiftPackageReference "firebase-ios-sdk" */;
			productName = FirebaseCrashlytics;
		};
		111D0E732E5EDAEB00017034 /* FirebaseDatabase */ = {
			isa = XCSwiftPackageProductDependency;
			package = 111D0E5E2E5EDAEB00017034 /* XCRemoteSwiftPackageReference "firebase-ios-sdk" */;
			productName = FirebaseDatabase;
		};
		111D0E752E5EDAEB00017034 /* FirebaseFirestore */ = {
			isa = XCSwiftPackageProductDependency;
			package = 111D0E5E2E5EDAEB00017034 /* XCRemoteSwiftPackageReference "firebase-ios-sdk" */;
			productName = FirebaseFirestore;
		};
		111D0E772E5EDAEB00017034 /* FirebaseFirestoreCombine-Community */ = {
			isa = XCSwiftPackageProductDependency;
			package = 111D0E5E2E5EDAEB00017034 /* XCRemoteSwiftPackageReference "firebase-ios-sdk" */;
			productName = "FirebaseFirestoreCombine-Community";
		};
		111D0E792E5EDAEB00017034 /* FirebaseFunctions */ = {
			isa = XCSwiftPackageProductDependency;
			package = 111D0E5E2E5EDAEB00017034 /* XCRemoteSwiftPackageReference "firebase-ios-sdk" */;
			productName = FirebaseFunctions;
		};
		111D0E7B2E5EDAEB00017034 /* FirebaseFunctionsCombine-Community */ = {
			isa = XCSwiftPackageProductDependency;
			package = 111D0E5E2E5EDAEB00017034 /* XCRemoteSwiftPackageReference "firebase-ios-sdk" */;
			productName = "FirebaseFunctionsCombine-Community";
		};
		111D0E7D2E5EDAEB00017034 /* FirebaseInAppMessaging-Beta */ = {
			isa = XCSwiftPackageProductDependency;
			package = 111D0E5E2E5EDAEB00017034 /* XCRemoteSwiftPackageReference "firebase-ios-sdk" */;
			productName = "FirebaseInAppMessaging-Beta";
		};
		111D0E7F2E5EDAEB00017034 /* FirebaseInstallations */ = {
			isa = XCSwiftPackageProductDependency;
			package = 111D0E5E2E5EDAEB00017034 /* XCRemoteSwiftPackageReference "firebase-ios-sdk" */;
			productName = FirebaseInstallations;
		};
		111D0E812E5EDAEB00017034 /* FirebaseMLModelDownloader */ = {
			isa = XCSwiftPackageProductDependency;
			package = 111D0E5E2E5EDAEB00017034 /* XCRemoteSwiftPackageReference "firebase-ios-sdk" */;
			productName = FirebaseMLModelDownloader;
		};
		111D0E832E5EDAEB00017034 /* FirebaseMessaging */ = {
			isa = XCSwiftPackageProductDependency;
			package = 111D0E5E2E5EDAEB00017034 /* XCRemoteSwiftPackageReference "firebase-ios-sdk" */;
			productName = FirebaseMessaging;
		};
		111D0E852E5EDAEB00017034 /* FirebasePerformance */ = {
			isa = XCSwiftPackageProductDependency;
			package = 111D0E5E2E5EDAEB00017034 /* XCRemoteSwiftPackageReference "firebase-ios-sdk" */;
			productName = FirebasePerformance;
		};
		111D0E872E5EDAEB00017034 /* FirebaseRemoteConfig */ = {
			isa = XCSwiftPackageProductDependency;
			package = 111D0E5E2E5EDAEB00017034 /* XCRemoteSwiftPackageReference "firebase-ios-sdk" */;
			productName = FirebaseRemoteConfig;
		};
		111D0E892E5EDAEB00017034 /* FirebaseStorage */ = {
			isa = XCSwiftPackageProductDependency;
			package = 111D0E5E2E5EDAEB00017034 /* XCRemoteSwiftPackageReference "firebase-ios-sdk" */;
			productName = FirebaseStorage;
		};
		111D0E8B2E5EDAEB00017034 /* FirebaseStorageCombine-Community */ = {
			isa = XCSwiftPackageProductDependency;
			package = 111D0E5E2E5EDAEB00017034 /* XCRemoteSwiftPackageReference "firebase-ios-sdk" */;
			productName = "FirebaseStorageCombine-Community";
		};
		11B6630D2E2678180032A5B1 /* iOSIntPackage */ = {
			isa = XCSwiftPackageProductDependency;
			package = 11B6630C2E2678180032A5B1 /* XCRemoteSwiftPackageReference "iOSIntPackage" */;
			productName = iOSIntPackage;
		};
/* End XCSwiftPackageProductDependency section */
	};
	rootObject = 115413F42C9291FE0051640B /* Project object */;
}
